
Microsoft Visual Studio Solution File, Format Version 12.00
# Visual Studio Version 17
VisualStudioVersion = 17.6.33815.320
MinimumVisualStudioVersion = 10.0.40219.1
Project("{2150E333-8FDC-42A3-9474-1A3956D46DE8}") = "Services", "Services", "{DFC9E847-469A-46E3-B080-A10563B07DD3}"
EndProject
Project("{2150E333-8FDC-42A3-9474-1A3956D46DE8}") = "Catalog", "Catalog", "{DD6F6E6E-8013-4528-917A-21D153384423}"
EndProject
Project("{9A19103F-16F7-4668-BE54-9A1E7A4F7556}") = "FreeCourse.Services.Catalog", "Services\Catalog\FreeCourse.Services.Catalog\FreeCourse.Services.Catalog.csproj", "{864D7611-86B7-400B-A6FC-9E14C40DA151}"
	ProjectSection(ProjectDependencies) = postProject
		{622E977C-2205-4D45-A03D-57F6466AAC04} = {622E977C-2205-4D45-A03D-57F6466AAC04}
	EndProjectSection
EndProject
Project("{2150E333-8FDC-42A3-9474-1A3956D46DE8}") = "Çözüm Öğeleri", "Çözüm Öğeleri", "{01A8597E-7AED-4FEE-9CAB-CA4251703FD6}"
	ProjectSection(SolutionItems) = preProject
		Ports.txt = Ports.txt
	EndProjectSection
EndProject
Project("{2150E333-8FDC-42A3-9474-1A3956D46DE8}") = "Shared", "Shared", "{1F496E9B-9E54-4AAC-AD05-271C83E8D4AD}"
EndProject
Project("{9A19103F-16F7-4668-BE54-9A1E7A4F7556}") = "FreeCourse.Shared", "Shared\FreeCourse.Shared\FreeCourse.Shared.csproj", "{622E977C-2205-4D45-A03D-57F6466AAC04}"
EndProject
Project("{2150E333-8FDC-42A3-9474-1A3956D46DE8}") = "IdentityServer", "IdentityServer", "{FEDD1D99-E857-4ACA-8D64-EFDA7FB79DDB}"
EndProject
Project("{9A19103F-16F7-4668-BE54-9A1E7A4F7556}") = "FreeCourse.IdentityServer", "IdentityServer\FreeCourse.IdentityServer\FreeCourse.IdentityServer.csproj", "{19D70C0E-EE9A-4B89-A6DB-E86FD9198AF9}"
EndProject
Project("{2150E333-8FDC-42A3-9474-1A3956D46DE8}") = "PhotoStock", "PhotoStock", "{AC4884C7-64C4-4655-A596-D59FCCDAD823}"
EndProject
Project("{9A19103F-16F7-4668-BE54-9A1E7A4F7556}") = "FreeCourses.Services.PhotoStock", "Services\PhotoStock\FreeCourses.Services.PhotoStock\FreeCourses.Services.PhotoStock.csproj", "{E409BB1C-9872-41B1-8198-DE6ED6FEFA38}"
EndProject
Project("{2150E333-8FDC-42A3-9474-1A3956D46DE8}") = "Basket", "Basket", "{5DFA9FD0-9468-4CBC-82AB-7765E1CAD94A}"
EndProject
Project("{9A19103F-16F7-4668-BE54-9A1E7A4F7556}") = "FreeCourse.Services.Basket", "Services\Basket\FreeCourse.Services.Basket\FreeCourse.Services.Basket.csproj", "{CFB277CA-9FAE-417F-BEEA-DB58D68943CD}"
EndProject
Project("{2150E333-8FDC-42A3-9474-1A3956D46DE8}") = "Discount", "Discount", "{858A5250-FF3D-4D02-84BC-E2480B639895}"
EndProject
Project("{9A19103F-16F7-4668-BE54-9A1E7A4F7556}") = "FreeCourse.Services.Discount", "Services\Discount\FreeCourse.Services.Discount\FreeCourse.Services.Discount.csproj", "{256D1ECC-CCAB-4281-9B13-174D27E88EF2}"
EndProject
Project("{2150E333-8FDC-42A3-9474-1A3956D46DE8}") = "Order", "Order", "{CAB46ED9-CEDC-442E-9AF9-583151CE79B5}"
EndProject
Project("{9A19103F-16F7-4668-BE54-9A1E7A4F7556}") = "FreeCourse.Services.Order.API", "Services\Order\FreeCourse.Services.Order.API\FreeCourse.Services.Order.API.csproj", "{B62E35E2-5FE6-4AC3-8A1C-EF943F6014D2}"
EndProject
Project("{9A19103F-16F7-4668-BE54-9A1E7A4F7556}") = "FreeCourse.Services.Order.Application", "Services\Order\FreeCourse.Services.Order.Application\FreeCourse.Services.Order.Application.csproj", "{5B70698C-820A-42F3-987B-245DD95FF04F}"
EndProject
Project("{9A19103F-16F7-4668-BE54-9A1E7A4F7556}") = "FreeCourse.Services.Order.Domain", "Services\Order\FreeCourse.Services.Order.Domain\FreeCourse.Services.Order.Domain.csproj", "{F0CA8113-9079-40C8-89DF-0E5023FF0083}"
EndProject
Project("{9A19103F-16F7-4668-BE54-9A1E7A4F7556}") = "FreeCourse.Services.Order.Domain.Core", "Services\Order\FreeCourse.Services.Order.Domain.Core\FreeCourse.Services.Order.Domain.Core.csproj", "{36042C0C-FBC0-4A45-96BD-F121572452BB}"
EndProject
Project("{9A19103F-16F7-4668-BE54-9A1E7A4F7556}") = "FreeCourse.Services.Order.Infrastructure", "Services\Order\FreeCourse.Services.Order.Infrastructure\FreeCourse.Services.Order.Infrastructure.csproj", "{BE0287F4-3856-49B8-A742-C31A6A02DAE0}"
EndProject
Project("{2150E333-8FDC-42A3-9474-1A3956D46DE8}") = "FakePayment", "FakePayment", "{F37B998A-F05C-4D79-A238-E09DCD974DA4}"
EndProject
Project("{9A19103F-16F7-4668-BE54-9A1E7A4F7556}") = "FreeCourse.Services.FakePayment", "Services\FakePayment\FreeCourse.Services.FakePayment\FreeCourse.Services.FakePayment.csproj", "{2DE1AB72-9989-4B26-960B-C3284DA5C352}"
EndProject
Project("{2150E333-8FDC-42A3-9474-1A3956D46DE8}") = "Gateways", "Gateways", "{76C8256A-7B85-4C9D-AD28-2C830ED2FDDA}"
EndProject
Project("{FAE04EC0-301F-11D3-BF4B-00C04F79EFBC}") = "FreeCourse.Gateway", "Gateways\FreeCourse.Gateway\FreeCourse.Gateway.csproj", "{13A1BAD0-6D34-4C08-8180-741B5356EA13}"
EndProject
Global
	GlobalSection(SolutionConfigurationPlatforms) = preSolution
		Debug|Any CPU = Debug|Any CPU
		Release|Any CPU = Release|Any CPU
	EndGlobalSection
	GlobalSection(ProjectConfigurationPlatforms) = postSolution
		{864D7611-86B7-400B-A6FC-9E14C40DA151}.Debug|Any CPU.ActiveCfg = Debug|Any CPU
		{864D7611-86B7-400B-A6FC-9E14C40DA151}.Debug|Any CPU.Build.0 = Debug|Any CPU
		{864D7611-86B7-400B-A6FC-9E14C40DA151}.Release|Any CPU.ActiveCfg = Release|Any CPU
		{864D7611-86B7-400B-A6FC-9E14C40DA151}.Release|Any CPU.Build.0 = Release|Any CPU
		{622E977C-2205-4D45-A03D-57F6466AAC04}.Debug|Any CPU.ActiveCfg = Debug|Any CPU
		{622E977C-2205-4D45-A03D-57F6466AAC04}.Debug|Any CPU.Build.0 = Debug|Any CPU
		{622E977C-2205-4D45-A03D-57F6466AAC04}.Release|Any CPU.ActiveCfg = Release|Any CPU
		{622E977C-2205-4D45-A03D-57F6466AAC04}.Release|Any CPU.Build.0 = Release|Any CPU
		{19D70C0E-EE9A-4B89-A6DB-E86FD9198AF9}.Debug|Any CPU.ActiveCfg = Debug|Any CPU
		{19D70C0E-EE9A-4B89-A6DB-E86FD9198AF9}.Debug|Any CPU.Build.0 = Debug|Any CPU
		{19D70C0E-EE9A-4B89-A6DB-E86FD9198AF9}.Release|Any CPU.ActiveCfg = Release|Any CPU
		{19D70C0E-EE9A-4B89-A6DB-E86FD9198AF9}.Release|Any CPU.Build.0 = Release|Any CPU
		{E409BB1C-9872-41B1-8198-DE6ED6FEFA38}.Debug|Any CPU.ActiveCfg = Debug|Any CPU
		{E409BB1C-9872-41B1-8198-DE6ED6FEFA38}.Debug|Any CPU.Build.0 = Debug|Any CPU
		{E409BB1C-9872-41B1-8198-DE6ED6FEFA38}.Release|Any CPU.ActiveCfg = Release|Any CPU
		{E409BB1C-9872-41B1-8198-DE6ED6FEFA38}.Release|Any CPU.Build.0 = Release|Any CPU
		{CFB277CA-9FAE-417F-BEEA-DB58D68943CD}.Debug|Any CPU.ActiveCfg = Debug|Any CPU
		{CFB277CA-9FAE-417F-BEEA-DB58D68943CD}.Debug|Any CPU.Build.0 = Debug|Any CPU
		{CFB277CA-9FAE-417F-BEEA-DB58D68943CD}.Release|Any CPU.ActiveCfg = Release|Any CPU
		{CFB277CA-9FAE-417F-BEEA-DB58D68943CD}.Release|Any CPU.Build.0 = Release|Any CPU
		{256D1ECC-CCAB-4281-9B13-174D27E88EF2}.Debug|Any CPU.ActiveCfg = Debug|Any CPU
		{256D1ECC-CCAB-4281-9B13-174D27E88EF2}.Debug|Any CPU.Build.0 = Debug|Any CPU
		{256D1ECC-CCAB-4281-9B13-174D27E88EF2}.Release|Any CPU.ActiveCfg = Release|Any CPU
		{256D1ECC-CCAB-4281-9B13-174D27E88EF2}.Release|Any CPU.Build.0 = Release|Any CPU
		{B62E35E2-5FE6-4AC3-8A1C-EF943F6014D2}.Debug|Any CPU.ActiveCfg = Debug|Any CPU
		{B62E35E2-5FE6-4AC3-8A1C-EF943F6014D2}.Debug|Any CPU.Build.0 = Debug|Any CPU
		{B62E35E2-5FE6-4AC3-8A1C-EF943F6014D2}.Release|Any CPU.ActiveCfg = Release|Any CPU
		{B62E35E2-5FE6-4AC3-8A1C-EF943F6014D2}.Release|Any CPU.Build.0 = Release|Any CPU
		{5B70698C-820A-42F3-987B-245DD95FF04F}.Debug|Any CPU.ActiveCfg = Debug|Any CPU
		{5B70698C-820A-42F3-987B-245DD95FF04F}.Debug|Any CPU.Build.0 = Debug|Any CPU
		{5B70698C-820A-42F3-987B-245DD95FF04F}.Release|Any CPU.ActiveCfg = Release|Any CPU
		{5B70698C-820A-42F3-987B-245DD95FF04F}.Release|Any CPU.Build.0 = Release|Any CPU
		{F0CA8113-9079-40C8-89DF-0E5023FF0083}.Debug|Any CPU.ActiveCfg = Debug|Any CPU
		{F0CA8113-9079-40C8-89DF-0E5023FF0083}.Debug|Any CPU.Build.0 = Debug|Any CPU
		{F0CA8113-9079-40C8-89DF-0E5023FF0083}.Release|Any CPU.ActiveCfg = Release|Any CPU
		{F0CA8113-9079-40C8-89DF-0E5023FF0083}.Release|Any CPU.Build.0 = Release|Any CPU
		{36042C0C-FBC0-4A45-96BD-F121572452BB}.Debug|Any CPU.ActiveCfg = Debug|Any CPU
		{36042C0C-FBC0-4A45-96BD-F121572452BB}.Debug|Any CPU.Build.0 = Debug|Any CPU
		{36042C0C-FBC0-4A45-96BD-F121572452BB}.Release|Any CPU.ActiveCfg = Release|Any CPU
		{36042C0C-FBC0-4A45-96BD-F121572452BB}.Release|Any CPU.Build.0 = Release|Any CPU
		{BE0287F4-3856-49B8-A742-C31A6A02DAE0}.Debug|Any CPU.ActiveCfg = Debug|Any CPU
		{BE0287F4-3856-49B8-A742-C31A6A02DAE0}.Debug|Any CPU.Build.0 = Debug|Any CPU
		{BE0287F4-3856-49B8-A742-C31A6A02DAE0}.Release|Any CPU.ActiveCfg = Release|Any CPU
		{BE0287F4-3856-49B8-A742-C31A6A02DAE0}.Release|Any CPU.Build.0 = Release|Any CPU
		{2DE1AB72-9989-4B26-960B-C3284DA5C352}.Debug|Any CPU.ActiveCfg = Debug|Any CPU
		{2DE1AB72-9989-4B26-960B-C3284DA5C352}.Debug|Any CPU.Build.0 = Debug|Any CPU
		{2DE1AB72-9989-4B26-960B-C3284DA5C352}.Release|Any CPU.ActiveCfg = Release|Any CPU
		{2DE1AB72-9989-4B26-960B-C3284DA5C352}.Release|Any CPU.Build.0 = Release|Any CPU
		{13A1BAD0-6D34-4C08-8180-741B5356EA13}.Debug|Any CPU.ActiveCfg = Debug|Any CPU
		{13A1BAD0-6D34-4C08-8180-741B5356EA13}.Debug|Any CPU.Build.0 = Debug|Any CPU
		{13A1BAD0-6D34-4C08-8180-741B5356EA13}.Release|Any CPU.ActiveCfg = Release|Any CPU
		{13A1BAD0-6D34-4C08-8180-741B5356EA13}.Release|Any CPU.Build.0 = Release|Any CPU
	EndGlobalSection
	GlobalSection(SolutionProperties) = preSolution
		HideSolutionNode = FALSE
	EndGlobalSection
	GlobalSection(NestedProjects) = preSolution
		{DD6F6E6E-8013-4528-917A-21D153384423} = {DFC9E847-469A-46E3-B080-A10563B07DD3}
		{864D7611-86B7-400B-A6FC-9E14C40DA151} = {DD6F6E6E-8013-4528-917A-21D153384423}
		{622E977C-2205-4D45-A03D-57F6466AAC04} = {1F496E9B-9E54-4AAC-AD05-271C83E8D4AD}
		{19D70C0E-EE9A-4B89-A6DB-E86FD9198AF9} = {FEDD1D99-E857-4ACA-8D64-EFDA7FB79DDB}
		{AC4884C7-64C4-4655-A596-D59FCCDAD823} = {DFC9E847-469A-46E3-B080-A10563B07DD3}
		{E409BB1C-9872-41B1-8198-DE6ED6FEFA38} = {AC4884C7-64C4-4655-A596-D59FCCDAD823}
		{5DFA9FD0-9468-4CBC-82AB-7765E1CAD94A} = {DFC9E847-469A-46E3-B080-A10563B07DD3}
		{CFB277CA-9FAE-417F-BEEA-DB58D68943CD} = {5DFA9FD0-9468-4CBC-82AB-7765E1CAD94A}
		{858A5250-FF3D-4D02-84BC-E2480B639895} = {DFC9E847-469A-46E3-B080-A10563B07DD3}
		{256D1ECC-CCAB-4281-9B13-174D27E88EF2} = {858A5250-FF3D-4D02-84BC-E2480B639895}
		{CAB46ED9-CEDC-442E-9AF9-583151CE79B5} = {DFC9E847-469A-46E3-B080-A10563B07DD3}
		{B62E35E2-5FE6-4AC3-8A1C-EF943F6014D2} = {CAB46ED9-CEDC-442E-9AF9-583151CE79B5}
		{5B70698C-820A-42F3-987B-245DD95FF04F} = {CAB46ED9-CEDC-442E-9AF9-583151CE79B5}
		{F0CA8113-9079-40C8-89DF-0E5023FF0083} = {CAB46ED9-CEDC-442E-9AF9-583151CE79B5}
		{36042C0C-FBC0-4A45-96BD-F121572452BB} = {CAB46ED9-CEDC-442E-9AF9-583151CE79B5}
		{BE0287F4-3856-49B8-A742-C31A6A02DAE0} = {CAB46ED9-CEDC-442E-9AF9-583151CE79B5}
		{F37B998A-F05C-4D79-A238-E09DCD974DA4} = {DFC9E847-469A-46E3-B080-A10563B07DD3}
		{2DE1AB72-9989-4B26-960B-C3284DA5C352} = {F37B998A-F05C-4D79-A238-E09DCD974DA4}
		{13A1BAD0-6D34-4C08-8180-741B5356EA13} = {76C8256A-7B85-4C9D-AD28-2C830ED2FDDA}
	EndGlobalSection
	GlobalSection(ExtensibilityGlobals) = postSolution
		SolutionGuid = {59192AF4-748D-4C92-88C5-8BD17B274038}
	EndGlobalSection
EndGlobal
